
Microsoft Visual Studio Solution File, Format Version 12.00
# Visual Studio 14
VisualStudioVersion = 14.0.25420.1
MinimumVisualStudioVersion = 10.0.40219.1
Project("{FAE04EC0-301F-11D3-BF4B-00C04F79EFBC}") = "ServerMonitorAPI", "ServerMonitorAPI\ServerMonitorAPI.csproj", "{8BEBFA92-3654-465A-93C0-106FEAE22FE5}"
EndProject
Project("{FAE04EC0-301F-11D3-BF4B-00C04F79EFBC}") = "ServerMonitorAPI.Tests", "ServerMonitorAPI.Tests\ServerMonitorAPI.Tests.csproj", "{7A07EFF9-E400-4354-8521-63191B445CD3}"
EndProject
Global
	GlobalSection(SolutionConfigurationPlatforms) = preSolution
		Debug|Any CPU = Debug|Any CPU
		Release|Any CPU = Release|Any CPU
	EndGlobalSection
	GlobalSection(ProjectConfigurationPlatforms) = postSolution
		{8BEBFA92-3654-465A-93C0-106FEAE22FE5}.Debug|Any CPU.ActiveCfg = Debug|Any CPU
		{8BEBFA92-3654-465A-93C0-106FEAE22FE5}.Debug|Any CPU.Build.0 = Debug|Any CPU
		{8BEBFA92-3654-465A-93C0-106FEAE22FE5}.Release|Any CPU.ActiveCfg = Release|Any CPU
		{8BEBFA92-3654-465A-93C0-106FEAE22FE5}.Release|Any CPU.Build.0 = Release|Any CPU
		{7A07EFF9-E400-4354-8521-63191B445CD3}.Debug|Any CPU.ActiveCfg = Debug|Any CPU
		{7A07EFF9-E400-4354-8521-63191B445CD3}.Debug|Any CPU.Build.0 = Debug|Any CPU
		{7A07EFF9-E400-4354-8521-63191B445CD3}.Release|Any CPU.ActiveCfg = Release|Any CPU
		{7A07EFF9-E400-4354-8521-63191B445CD3}.Release|Any CPU.Build.0 = Release|Any CPU
	EndGlobalSection
	GlobalSection(SolutionProperties) = preSolution
		HideSolutionNode = FALSE
	EndGlobalSection
EndGlobal
